
Microsoft Visual Studio Solution File, Format Version 12.00
# Visual Studio Version 17
VisualStudioVersion = 17.1.32421.90
MinimumVisualStudioVersion = 10.0.40219.1
Project("{FAE04EC0-301F-11D3-BF4B-00C04F79EFBC}") = "exercicio9", "exercicio9.csproj", "{34356247-BEFE-41E1-8DF4-D6D6DA25D742}"
EndProject
Global
	GlobalSection(SolutionConfigurationPlatforms) = preSolution
		Debug|Any CPU = Debug|Any CPU
		Release|Any CPU = Release|Any CPU
	EndGlobalSection
	GlobalSection(ProjectConfigurationPlatforms) = postSolution
		{34356247-BEFE-41E1-8DF4-D6D6DA25D742}.Debug|Any CPU.ActiveCfg = Debug|Any CPU
		{34356247-BEFE-41E1-8DF4-D6D6DA25D742}.Debug|Any CPU.Build.0 = Debug|Any CPU
		{34356247-BEFE-41E1-8DF4-D6D6DA25D742}.Release|Any CPU.ActiveCfg = Release|Any CPU
		{34356247-BEFE-41E1-8DF4-D6D6DA25D742}.Release|Any CPU.Build.0 = Release|Any CPU
	EndGlobalSection
	GlobalSection(SolutionProperties) = preSolution
		HideSolutionNode = FALSE
	EndGlobalSection
	GlobalSection(ExtensibilityGlobals) = postSolution
		SolutionGuid = {CDF32B95-EFF2-47D5-AE15-3C14EFD94C44}
	EndGlobalSection
EndGlobal
