
Microsoft Visual Studio Solution File, Format Version 12.00
# Visual Studio Version 17
VisualStudioVersion = 17.1.32421.90
MinimumVisualStudioVersion = 10.0.40219.1
Project("{FAE04EC0-301F-11D3-BF4B-00C04F79EFBC}") = "exercicio14", "exercicio14.csproj", "{04D9D7A1-5B40-44AD-B3AF-1D2C58176B28}"
EndProject
Global
	GlobalSection(SolutionConfigurationPlatforms) = preSolution
		Debug|Any CPU = Debug|Any CPU
		Release|Any CPU = Release|Any CPU
	EndGlobalSection
	GlobalSection(ProjectConfigurationPlatforms) = postSolution
		{04D9D7A1-5B40-44AD-B3AF-1D2C58176B28}.Debug|Any CPU.ActiveCfg = Debug|Any CPU
		{04D9D7A1-5B40-44AD-B3AF-1D2C58176B28}.Debug|Any CPU.Build.0 = Debug|Any CPU
		{04D9D7A1-5B40-44AD-B3AF-1D2C58176B28}.Release|Any CPU.ActiveCfg = Release|Any CPU
		{04D9D7A1-5B40-44AD-B3AF-1D2C58176B28}.Release|Any CPU.Build.0 = Release|Any CPU
	EndGlobalSection
	GlobalSection(SolutionProperties) = preSolution
		HideSolutionNode = FALSE
	EndGlobalSection
	GlobalSection(ExtensibilityGlobals) = postSolution
		SolutionGuid = {1336E13A-EA9C-4C24-BF00-BB3FCBF51F96}
	EndGlobalSection
EndGlobal
