
Microsoft Visual Studio Solution File, Format Version 12.00
# Visual Studio Version 17
VisualStudioVersion = 17.1.32421.90
MinimumVisualStudioVersion = 10.0.40219.1
Project("{FAE04EC0-301F-11D3-BF4B-00C04F79EFBC}") = "exercicio5", "exercicio5.csproj", "{9C4500AB-680C-4250-A006-21156B9C59CC}"
EndProject
Global
	GlobalSection(SolutionConfigurationPlatforms) = preSolution
		Debug|Any CPU = Debug|Any CPU
		Release|Any CPU = Release|Any CPU
	EndGlobalSection
	GlobalSection(ProjectConfigurationPlatforms) = postSolution
		{9C4500AB-680C-4250-A006-21156B9C59CC}.Debug|Any CPU.ActiveCfg = Debug|Any CPU
		{9C4500AB-680C-4250-A006-21156B9C59CC}.Debug|Any CPU.Build.0 = Debug|Any CPU
		{9C4500AB-680C-4250-A006-21156B9C59CC}.Release|Any CPU.ActiveCfg = Release|Any CPU
		{9C4500AB-680C-4250-A006-21156B9C59CC}.Release|Any CPU.Build.0 = Release|Any CPU
	EndGlobalSection
	GlobalSection(SolutionProperties) = preSolution
		HideSolutionNode = FALSE
	EndGlobalSection
	GlobalSection(ExtensibilityGlobals) = postSolution
		SolutionGuid = {DAE8B5BC-3EDD-4F2D-A302-4F89846EB1ED}
	EndGlobalSection
EndGlobal
