
Microsoft Visual Studio Solution File, Format Version 12.00
# Visual Studio Version 17
VisualStudioVersion = 17.1.32421.90
MinimumVisualStudioVersion = 10.0.40219.1
Project("{FAE04EC0-301F-11D3-BF4B-00C04F79EFBC}") = "exercicio8", "exercicio8.csproj", "{8DBFF7FA-A201-4C3C-9771-2A127EE9426F}"
EndProject
Global
	GlobalSection(SolutionConfigurationPlatforms) = preSolution
		Debug|Any CPU = Debug|Any CPU
		Release|Any CPU = Release|Any CPU
	EndGlobalSection
	GlobalSection(ProjectConfigurationPlatforms) = postSolution
		{8DBFF7FA-A201-4C3C-9771-2A127EE9426F}.Debug|Any CPU.ActiveCfg = Debug|Any CPU
		{8DBFF7FA-A201-4C3C-9771-2A127EE9426F}.Debug|Any CPU.Build.0 = Debug|Any CPU
		{8DBFF7FA-A201-4C3C-9771-2A127EE9426F}.Release|Any CPU.ActiveCfg = Release|Any CPU
		{8DBFF7FA-A201-4C3C-9771-2A127EE9426F}.Release|Any CPU.Build.0 = Release|Any CPU
	EndGlobalSection
	GlobalSection(SolutionProperties) = preSolution
		HideSolutionNode = FALSE
	EndGlobalSection
	GlobalSection(ExtensibilityGlobals) = postSolution
		SolutionGuid = {261C3AF6-846D-459B-8672-179316C9701F}
	EndGlobalSection
EndGlobal
