
Microsoft Visual Studio Solution File, Format Version 12.00
# Visual Studio Version 17
VisualStudioVersion = 17.1.32421.90
MinimumVisualStudioVersion = 10.0.40219.1
Project("{FAE04EC0-301F-11D3-BF4B-00C04F79EFBC}") = "exercicio10", "exercicio10.csproj", "{4A11F020-28F1-451C-AFA8-5AB7F7A8C0CD}"
EndProject
Global
	GlobalSection(SolutionConfigurationPlatforms) = preSolution
		Debug|Any CPU = Debug|Any CPU
		Release|Any CPU = Release|Any CPU
	EndGlobalSection
	GlobalSection(ProjectConfigurationPlatforms) = postSolution
		{4A11F020-28F1-451C-AFA8-5AB7F7A8C0CD}.Debug|Any CPU.ActiveCfg = Debug|Any CPU
		{4A11F020-28F1-451C-AFA8-5AB7F7A8C0CD}.Debug|Any CPU.Build.0 = Debug|Any CPU
		{4A11F020-28F1-451C-AFA8-5AB7F7A8C0CD}.Release|Any CPU.ActiveCfg = Release|Any CPU
		{4A11F020-28F1-451C-AFA8-5AB7F7A8C0CD}.Release|Any CPU.Build.0 = Release|Any CPU
	EndGlobalSection
	GlobalSection(SolutionProperties) = preSolution
		HideSolutionNode = FALSE
	EndGlobalSection
	GlobalSection(ExtensibilityGlobals) = postSolution
		SolutionGuid = {48E5A340-805F-4551-B266-46A79A25C614}
	EndGlobalSection
EndGlobal
